<?xml version="1.0" encoding="utf-8"?>
<Project ToolsVersion="4.0" xmlns="http://schemas.microsoft.com/developer/msbuild/2003">
  <ItemGroup>
    <ClCompile Include="include\imgui\imgui.cpp">
      <Filter>ImGui</Filter>
    </ClCompile>
    <ClCompile Include="include\imgui\imgui_draw.cpp">
      <Filter>ImGui</Filter>
    </ClCompile>
    <ClCompile Include="include\imgui\imgui_impl_dx12.cpp">
      <Filter>ImGui</Filter>
    </ClCompile>
    <ClCompile Include="include\imgui\imgui_impl_win32.cpp">
      <Filter>ImGui</Filter>
    </ClCompile>
    <ClCompile Include="include\imgui\imgui_tables.cpp">
      <Filter>ImGui</Filter>
    </ClCompile>
    <ClCompile Include="include\imgui\imgui_widgets.cpp">
      <Filter>ImGui</Filter>
    </ClCompile>
    <ClCompile Include="Rendering\Renderer.cpp">
      <Filter>Rendering</Filter>
    </ClCompile>
    <ClCompile Include="Editor\Caldera-Editor.cpp">
      <Filter>Editor</Filter>
    </ClCompile>
    <ClCompile Include="Caldera-Engine.cpp" />
    <ClCompile Include="Editor\EditorContentBrowser.cpp">
      <Filter>Editor</Filter>
    </ClCompile>
    <ClCompile Include="Input\InputManager.cpp">
      <Filter>Input</Filter>
    </ClCompile>
    <ClCompile Include="AssetSystem\AssetManager.cpp">
      <Filter>AssetSystem</Filter>
    </ClCompile>
    <ClCompile Include="AssetSystem\Mesh.cpp">
      <Filter>AssetSystem</Filter>
    </ClCompile>
    <ClCompile Include="AssetSystem\Texture.cpp">
      <Filter>AssetSystem</Filter>
    </ClCompile>
  </ItemGroup>
  <ItemGroup>
    <Filter Include="ImGui">
      <UniqueIdentifier>{e878698a-0b89-4988-a504-756ba77b0124}</UniqueIdentifier>
    </Filter>
    <Filter Include="Rendering">
      <UniqueIdentifier>{015b0620-7087-48ff-9677-8c10dab99162}</UniqueIdentifier>
    </Filter>
    <Filter Include="Input">
      <UniqueIdentifier>{d7ae3862-0ce9-4652-b740-3a411986faa7}</UniqueIdentifier>
    </Filter>
    <Filter Include="Editor">
      <UniqueIdentifier>{15f02c85-3d81-4b0c-b662-87218dd56471}</UniqueIdentifier>
    </Filter>
    <Filter Include="Helpers">
      <UniqueIdentifier>{1590e170-5131-457a-90eb-b364dc77e90c}</UniqueIdentifier>
    </Filter>
    <Filter Include="Icons">
      <UniqueIdentifier>{f84d1511-541d-4b88-a001-cf04cfe7d199}</UniqueIdentifier>
    </Filter>
    <Filter Include="AssetSystem">
      <UniqueIdentifier>{b2fe80c4-d458-40ad-84db-459fe640902d}</UniqueIdentifier>
    </Filter>
    <Filter Include="Assimp">
      <UniqueIdentifier>{9fe6b2f1-8d00-4fd1-8a9d-c45e6b22fdfc}</UniqueIdentifier>
    </Filter>
    <Filter Include="Assimp\Compiler">
      <UniqueIdentifier>{5fe6421e-4185-474f-9d52-f10ec5b31a72}</UniqueIdentifier>
    </Filter>
  </ItemGroup>
  <ItemGroup>
    <ClInclude Include="include\imgui\imconfig.h">
      <Filter>ImGui</Filter>
    </ClInclude>
    <ClInclude Include="include\imgui\imgui.h">
      <Filter>ImGui</Filter>
    </ClInclude>
    <ClInclude Include="include\imgui\imgui_impl_dx12.h">
      <Filter>ImGui</Filter>
    </ClInclude>
    <ClInclude Include="include\imgui\imgui_impl_win32.h">
      <Filter>ImGui</Filter>
    </ClInclude>
    <ClInclude Include="include\imgui\imgui_internal.h">
      <Filter>ImGui</Filter>
    </ClInclude>
    <ClInclude Include="include\imgui\imstb_rectpack.h">
      <Filter>ImGui</Filter>
    </ClInclude>
    <ClInclude Include="include\imgui\imstb_textedit.h">
      <Filter>ImGui</Filter>
    </ClInclude>
    <ClInclude Include="include\imgui\imstb_truetype.h">
      <Filter>ImGui</Filter>
    </ClInclude>
    <ClInclude Include="Rendering\Renderer.h">
      <Filter>Rendering</Filter>
    </ClInclude>
    <ClInclude Include="InputManager.h">
      <Filter>Input</Filter>
    </ClInclude>
    <ClInclude Include="Editor\Caldera-Editor.h">
      <Filter>Editor</Filter>
    </ClInclude>
    <ClInclude Include="Editor\EditorContentBrowser.h">
      <Filter>Editor</Filter>
    </ClInclude>
    <ClInclude Include="include\d3dx12.h">
      <Filter>Helpers</Filter>
    </ClInclude>
    <ClInclude Include="include\stb_image.h">
      <Filter>Helpers</Filter>
    </ClInclude>
    <ClInclude Include="AssetSystem\AssetManager.h">
      <Filter>AssetSystem</Filter>
    </ClInclude>
    <ClInclude Include="AssetSystem\Mesh.h">
      <Filter>AssetSystem</Filter>
    </ClInclude>
    <ClInclude Include="AssetSystem\Texture.h">
      <Filter>AssetSystem</Filter>
    </ClInclude>
    <ClInclude Include="include\assimp\aabb.h">
      <Filter>Assimp</Filter>
    </ClInclude>
    <ClInclude Include="include\assimp\ai_assert.h">
      <Filter>Assimp</Filter>
    </ClInclude>
    <ClInclude Include="include\assimp\anim.h">
      <Filter>Assimp</Filter>
    </ClInclude>
    <ClInclude Include="include\assimp\AssertHandler.h">
      <Filter>Assimp</Filter>
    </ClInclude>
    <ClInclude Include="include\assimp\Base64.hpp">
      <Filter>Assimp</Filter>
    </ClInclude>
    <ClInclude Include="include\assimp\BaseImporter.h">
      <Filter>Assimp</Filter>
    </ClInclude>
    <ClInclude Include="include\assimp\Bitmap.h">
      <Filter>Assimp</Filter>
    </ClInclude>
    <ClInclude Include="include\assimp\BlobIOSystem.h">
      <Filter>Assimp</Filter>
    </ClInclude>
    <ClInclude Include="include\assimp\ByteSwapper.h">
      <Filter>Assimp</Filter>
    </ClInclude>
    <ClInclude Include="include\assimp\camera.h">
      <Filter>Assimp</Filter>
    </ClInclude>
    <ClInclude Include="include\assimp\cexport.h">
      <Filter>Assimp</Filter>
    </ClInclude>
    <ClInclude Include="include\assimp\cfileio.h">
      <Filter>Assimp</Filter>
    </ClInclude>
    <ClInclude Include="include\assimp\cimport.h">
      <Filter>Assimp</Filter>
    </ClInclude>
    <ClInclude Include="include\assimp\ColladaMetaData.h">
      <Filter>Assimp</Filter>
    </ClInclude>
    <ClInclude Include="include\assimp\color4.h">
      <Filter>Assimp</Filter>
    </ClInclude>
    <ClInclude Include="include\assimp\commonMetaData.h">
      <Filter>Assimp</Filter>
    </ClInclude>
    <ClInclude Include="include\assimp\config.h">
      <Filter>Assimp</Filter>
    </ClInclude>
    <ClInclude Include="include\assimp\CreateAnimMesh.h">
      <Filter>Assimp</Filter>
    </ClInclude>
    <ClInclude Include="include\assimp\DefaultIOStream.h">
      <Filter>Assimp</Filter>
    </ClInclude>
    <ClInclude Include="include\assimp\DefaultIOSystem.h">
      <Filter>Assimp</Filter>
    </ClInclude>
    <ClInclude Include="include\assimp\DefaultLogger.hpp">
      <Filter>Assimp</Filter>
    </ClInclude>
    <ClInclude Include="include\assimp\defs.h">
      <Filter>Assimp</Filter>
    </ClInclude>
    <ClInclude Include="include\assimp\Exceptional.h">
      <Filter>Assimp</Filter>
    </ClInclude>
    <ClInclude Include="include\assimp\Exporter.hpp">
      <Filter>Assimp</Filter>
    </ClInclude>
    <ClInclude Include="include\assimp\fast_atof.h">
      <Filter>Assimp</Filter>
    </ClInclude>
    <ClInclude Include="include\assimp\GenericProperty.h">
      <Filter>Assimp</Filter>
    </ClInclude>
    <ClInclude Include="include\assimp\GltfMaterial.h">
      <Filter>Assimp</Filter>
    </ClInclude>
    <ClInclude Include="include\assimp\Hash.h">
      <Filter>Assimp</Filter>
    </ClInclude>
    <ClInclude Include="include\assimp\Importer.hpp">
      <Filter>Assimp</Filter>
    </ClInclude>
    <ClInclude Include="include\assimp\importerdesc.h">
      <Filter>Assimp</Filter>
    </ClInclude>
    <ClInclude Include="include\assimp\IOStream.hpp">
      <Filter>Assimp</Filter>
    </ClInclude>
    <ClInclude Include="include\assimp\IOStreamBuffer.h">
      <Filter>Assimp</Filter>
    </ClInclude>
    <ClInclude Include="include\assimp\IOSystem.hpp">
      <Filter>Assimp</Filter>
    </ClInclude>
    <ClInclude Include="include\assimp\light.h">
      <Filter>Assimp</Filter>
    </ClInclude>
    <ClInclude Include="include\assimp\LineSplitter.h">
      <Filter>Assimp</Filter>
    </ClInclude>
    <ClInclude Include="include\assimp\LogAux.h">
      <Filter>Assimp</Filter>
    </ClInclude>
    <ClInclude Include="include\assimp\Logger.hpp">
      <Filter>Assimp</Filter>
    </ClInclude>
    <ClInclude Include="include\assimp\LogStream.hpp">
      <Filter>Assimp</Filter>
    </ClInclude>
    <ClInclude Include="include\assimp\material.h">
      <Filter>Assimp</Filter>
    </ClInclude>
    <ClInclude Include="include\assimp\MathFunctions.h">
      <Filter>Assimp</Filter>
    </ClInclude>
    <ClInclude Include="include\assimp\matrix3x3.h">
      <Filter>Assimp</Filter>
    </ClInclude>
    <ClInclude Include="include\assimp\matrix4x4.h">
      <Filter>Assimp</Filter>
    </ClInclude>
    <ClInclude Include="include\assimp\MemoryIOWrapper.h">
      <Filter>Assimp</Filter>
    </ClInclude>
    <ClInclude Include="include\assimp\mesh.h">
      <Filter>Assimp</Filter>
    </ClInclude>
    <ClInclude Include="include\assimp\metadata.h">
      <Filter>Assimp</Filter>
    </ClInclude>
    <ClInclude Include="include\assimp\NullLogger.hpp">
      <Filter>Assimp</Filter>
    </ClInclude>
    <ClInclude Include="include\assimp\ObjMaterial.h">
      <Filter>Assimp</Filter>
    </ClInclude>
    <ClInclude Include="include\assimp\ParsingUtils.h">
      <Filter>Assimp</Filter>
    </ClInclude>
    <ClInclude Include="include\assimp\pbrmaterial.h">
      <Filter>Assimp</Filter>
    </ClInclude>
    <ClInclude Include="include\assimp\postprocess.h">
      <Filter>Assimp</Filter>
    </ClInclude>
    <ClInclude Include="include\assimp\Profiler.h">
      <Filter>Assimp</Filter>
    </ClInclude>
    <ClInclude Include="include\assimp\ProgressHandler.hpp">
      <Filter>Assimp</Filter>
    </ClInclude>
    <ClInclude Include="include\assimp\qnan.h">
      <Filter>Assimp</Filter>
    </ClInclude>
    <ClInclude Include="include\assimp\quaternion.h">
      <Filter>Assimp</Filter>
    </ClInclude>
    <ClInclude Include="include\assimp\RemoveComments.h">
      <Filter>Assimp</Filter>
    </ClInclude>
    <ClInclude Include="include\assimp\revision.h">
      <Filter>Assimp</Filter>
    </ClInclude>
    <ClInclude Include="include\assimp\scene.h">
      <Filter>Assimp</Filter>
    </ClInclude>
    <ClInclude Include="include\assimp\SceneCombiner.h">
      <Filter>Assimp</Filter>
    </ClInclude>
    <ClInclude Include="include\assimp\SGSpatialSort.h">
      <Filter>Assimp</Filter>
    </ClInclude>
    <ClInclude Include="include\assimp\SkeletonMeshBuilder.h">
      <Filter>Assimp</Filter>
    </ClInclude>
    <ClInclude Include="include\assimp\SmallVector.h">
      <Filter>Assimp</Filter>
    </ClInclude>
    <ClInclude Include="include\assimp\SmoothingGroups.h">
      <Filter>Assimp</Filter>
    </ClInclude>
    <ClInclude Include="include\assimp\SpatialSort.h">
      <Filter>Assimp</Filter>
    </ClInclude>
    <ClInclude Include="include\assimp\StandardShapes.h">
      <Filter>Assimp</Filter>
    </ClInclude>
    <ClInclude Include="include\assimp\StreamReader.h">
      <Filter>Assimp</Filter>
    </ClInclude>
    <ClInclude Include="include\assimp\StreamWriter.h">
      <Filter>Assimp</Filter>
    </ClInclude>
    <ClInclude Include="include\assimp\StringComparison.h">
      <Filter>Assimp</Filter>
    </ClInclude>
    <ClInclude Include="include\assimp\StringUtils.h">
      <Filter>Assimp</Filter>
    </ClInclude>
    <ClInclude Include="include\assimp\Subdivision.h">
      <Filter>Assimp</Filter>
    </ClInclude>
    <ClInclude Include="include\assimp\texture.h">
      <Filter>Assimp</Filter>
    </ClInclude>
    <ClInclude Include="include\assimp\TinyFormatter.h">
      <Filter>Assimp</Filter>
    </ClInclude>
    <ClInclude Include="include\assimp\types.h">
      <Filter>Assimp</Filter>
    </ClInclude>
    <ClInclude Include="include\assimp\vector2.h">
      <Filter>Assimp</Filter>
    </ClInclude>
    <ClInclude Include="include\assimp\vector3.h">
      <Filter>Assimp</Filter>
    </ClInclude>
    <ClInclude Include="include\assimp\version.h">
      <Filter>Assimp</Filter>
    </ClInclude>
    <ClInclude Include="include\assimp\Vertex.h">
      <Filter>Assimp</Filter>
    </ClInclude>
    <ClInclude Include="include\assimp\XmlParser.h">
      <Filter>Assimp</Filter>
    </ClInclude>
    <ClInclude Include="include\assimp\XMLTools.h">
      <Filter>Assimp</Filter>
    </ClInclude>
    <ClInclude Include="include\assimp\ZipArchiveIOSystem.h">
      <Filter>Assimp</Filter>
    </ClInclude>
    <ClInclude Include="include\assimp\Compiler\poppack1.h">
      <Filter>Assimp\Compiler</Filter>
    </ClInclude>
    <ClInclude Include="include\assimp\Compiler\pstdint.h">
      <Filter>Assimp\Compiler</Filter>
    </ClInclude>
    <ClInclude Include="include\assimp\Compiler\pushpack1.h">
      <Filter>Assimp\Compiler</Filter>
    </ClInclude>
  </ItemGroup>
  <ItemGroup>
    <None Include="packages.config" />
    <None Include="include\assimp\.editorconfig">
      <Filter>Assimp</Filter>
    </None>
    <None Include="include\assimp\color4.inl">
      <Filter>Assimp</Filter>
    </None>
    <None Include="include\assimp\config.h.in">
      <Filter>Assimp</Filter>
    </None>
    <None Include="include\assimp\material.inl">
      <Filter>Assimp</Filter>
    </None>
    <None Include="include\assimp\matrix3x3.inl">
      <Filter>Assimp</Filter>
    </None>
    <None Include="include\assimp\matrix4x4.inl">
      <Filter>Assimp</Filter>
    </None>
    <None Include="include\assimp\module.modulemap">
      <Filter>Assimp</Filter>
    </None>
    <None Include="include\assimp\quaternion.inl">
      <Filter>Assimp</Filter>
    </None>
    <None Include="include\assimp\revision.h.in">
      <Filter>Assimp</Filter>
    </None>
    <None Include="include\assimp\SmoothingGroups.inl">
      <Filter>Assimp</Filter>
    </None>
    <None Include="include\assimp\vector2.inl">
      <Filter>Assimp</Filter>
    </None>
    <None Include="include\assimp\vector3.inl">
      <Filter>Assimp</Filter>
    </None>
  </ItemGroup>
  <ItemGroup>
    <CopyFileToFolders Include="Resources\Icons\file.png">
      <Filter>Icons</Filter>
    </CopyFileToFolders>
    <CopyFileToFolders Include="Resources\Icons\folder.png">
      <Filter>Icons</Filter>
    </CopyFileToFolders>
    <CopyFileToFolders Include="Resources\Icons\image.png">
      <Filter>Icons</Filter>
    </CopyFileToFolders>
  </ItemGroup>
</Project>